
Microsoft Visual Studio Solution File, Format Version 12.00
# Visual Studio 15
VisualStudioVersion = 15.0.27130.2026
MinimumVisualStudioVersion = 10.0.40219.1
Project("{9A19103F-16F7-4668-BE54-9A1E7A4F7556}") = "Slim", "Slim\Slim.csproj", "{7C2EBB29-CF9D-46B0-B6F2-A57ECC9E9DFA}"
EndProject
Project("{9A19103F-16F7-4668-BE54-9A1E7A4F7556}") = "Tests", "Tests\Tests.csproj", "{4D623680-7EE0-4E0E-A06B-866A1BAECF56}"
EndProject
Project("{FAE04EC0-301F-11D3-BF4B-00C04F79EFBC}") = "Slim.Tools", "Slim.Tools\Slim.Tools.csproj", "{10FD4E6A-D1E5-4175-B702-A6B86433D1F9}"
EndProject
Global
	GlobalSection(SolutionConfigurationPlatforms) = preSolution
		Debug|Any CPU = Debug|Any CPU
		Release|Any CPU = Release|Any CPU
	EndGlobalSection
	GlobalSection(ProjectConfigurationPlatforms) = postSolution
		{7C2EBB29-CF9D-46B0-B6F2-A57ECC9E9DFA}.Debug|Any CPU.ActiveCfg = Debug|Any CPU
		{7C2EBB29-CF9D-46B0-B6F2-A57ECC9E9DFA}.Debug|Any CPU.Build.0 = Debug|Any CPU
		{7C2EBB29-CF9D-46B0-B6F2-A57ECC9E9DFA}.Release|Any CPU.ActiveCfg = Release|Any CPU
		{7C2EBB29-CF9D-46B0-B6F2-A57ECC9E9DFA}.Release|Any CPU.Build.0 = Release|Any CPU
		{4D623680-7EE0-4E0E-A06B-866A1BAECF56}.Debug|Any CPU.ActiveCfg = Debug|Any CPU
		{4D623680-7EE0-4E0E-A06B-866A1BAECF56}.Debug|Any CPU.Build.0 = Debug|Any CPU
		{4D623680-7EE0-4E0E-A06B-866A1BAECF56}.Release|Any CPU.ActiveCfg = Release|Any CPU
		{4D623680-7EE0-4E0E-A06B-866A1BAECF56}.Release|Any CPU.Build.0 = Release|Any CPU
		{10FD4E6A-D1E5-4175-B702-A6B86433D1F9}.Debug|Any CPU.ActiveCfg = Debug|Any CPU
		{10FD4E6A-D1E5-4175-B702-A6B86433D1F9}.Debug|Any CPU.Build.0 = Debug|Any CPU
		{10FD4E6A-D1E5-4175-B702-A6B86433D1F9}.Release|Any CPU.ActiveCfg = Release|Any CPU
		{10FD4E6A-D1E5-4175-B702-A6B86433D1F9}.Release|Any CPU.Build.0 = Release|Any CPU
	EndGlobalSection
	GlobalSection(SolutionProperties) = preSolution
		HideSolutionNode = FALSE
	EndGlobalSection
	GlobalSection(ExtensibilityGlobals) = postSolution
		SolutionGuid = {4DF6624D-190E-4BB2-863C-F3EAB4CF184F}
	EndGlobalSection
EndGlobal
